
Microsoft Visual Studio Solution File, Format Version 12.00
# Visual Studio Version 17
VisualStudioVersion = 17.4.33213.308
MinimumVisualStudioVersion = 10.0.40219.1
Project("{2150E333-8FDC-42A3-9474-1A3956D46DE8}") = "src", "src", "{68F855CF-C77A-43C2-AA24-DCDB4FF396D4}"
EndProject
Project("{6EC3EE1D-3C4E-46DD-8F32-0CC8E7565705}") = "Informedica.Utils.Lib", "src\Informedica.Utils.Lib\Informedica.Utils.Lib.fsproj", "{6278417B-89C0-4252-B536-D46D82F4D070}"
EndProject
Project("{6EC3EE1D-3C4E-46DD-8F32-0CC8E7565705}") = "Informedica.GenUnits.Lib", "src\Informedica.GenUnits.Lib\Informedica.GenUnits.Lib.fsproj", "{49EF879F-1C4C-4F25-9BBC-D8ED294945CB}"
EndProject
Project("{6EC3EE1D-3C4E-46DD-8F32-0CC8E7565705}") = "Informedica.GenSolver.Lib", "src\Informedica.GenSolver.Lib\Informedica.GenSolver.Lib.fsproj", "{B784438C-48A2-4970-B150-098C24DFA22D}"
EndProject
Project("{6EC3EE1D-3C4E-46DD-8F32-0CC8E7565705}") = "Informedica.GenOrder.Lib", "src\Informedica.GenOrder.Lib\Informedica.GenOrder.Lib.fsproj", "{F46B7490-A443-4FD9-BE07-3A733EFA91DF}"
EndProject
Project("{2150E333-8FDC-42A3-9474-1A3956D46DE8}") = "tests", "tests", "{0E8C5A97-90C0-42D6-9910-A34D345A7580}"
EndProject
Project("{6EC3EE1D-3C4E-46DD-8F32-0CC8E7565705}") = "Informedica.Utils.Tests", "tests\Informedica.Utils.Tests\Informedica.Utils.Tests.fsproj", "{17723C04-882C-4561-8D7B-98EAB82A2DEB}"
EndProject
Project("{6EC3EE1D-3C4E-46DD-8F32-0CC8E7565705}") = "Informedica.GenUnits.Tests", "tests\Informedica.GenUnits.Tests\Informedica.GenUnits.Tests.fsproj", "{5DB7B30E-8769-4F75-BF1A-500EE9DC6762}"
EndProject
Project("{6EC3EE1D-3C4E-46DD-8F32-0CC8E7565705}") = "Informedica.GenSolver.Tests", "tests\Informedica.GenSolver.Tests\Informedica.GenSolver.Tests.fsproj", "{13318F4E-3F64-48C4-B475-BBBD187D0C9E}"
EndProject
Project("{6EC3EE1D-3C4E-46DD-8F32-0CC8E7565705}") = "Informedica.GenOrder.Tests", "tests\Informedica.GenOrder.Tests\Informedica.GenOrder.Tests.fsproj", "{6B53BD72-7C68-4B3D-8475-07D936753B8B}"
EndProject
Project("{6EC3EE1D-3C4E-46DD-8F32-0CC8E7565705}") = "Informedica.GenForm.Lib", "src\Informedica.GenForm.Lib\Informedica.GenForm.Lib.fsproj", "{4AA7B16F-754B-48C1-ABA8-09197F074816}"
EndProject
Project("{6EC3EE1D-3C4E-46DD-8F32-0CC8E7565705}") = "Informedica.ZIndex.Lib", "src\Informedica.ZIndex.Lib\Informedica.ZIndex.Lib.fsproj", "{359FC9AD-ECB5-4000-8BD5-60674FFB90AB}"
EndProject
Project("{6EC3EE1D-3C4E-46DD-8F32-0CC8E7565705}") = "Informedica.ZForm.Lib", "src\Informedica.ZForm.Lib\Informedica.ZForm.Lib.fsproj", "{D74FA349-92CA-4ACE-9FE2-37CDF01E76BA}"
EndProject
Project("{6EC3EE1D-3C4E-46DD-8F32-0CC8E7565705}") = "Informedica.MetaVision.Lib", "src\Informedica.MetaVision.Lib\Informedica.MetaVision.Lib.fsproj", "{C458DAA2-A10A-46CB-8B9D-7F9B9BC0739C}"
EndProject
Project("{6EC3EE1D-3C4E-46DD-8F32-0CC8E7565705}") = "Informedica.GenCore.Lib", "src\Informedica.GenCore.Lib\Informedica.GenCore.Lib.fsproj", "{71C3C4F6-26C2-46DD-B047-54D6B1FB8FB3}"
EndProject
Project("{2150E333-8FDC-42A3-9474-1A3956D46DE8}") = "scripts", "scripts", "{FA9E10B1-55AC-449A-AE0D-433E447CBC3C}"
	ProjectSection(SolutionItems) = preProject
		scripts\Expecto.fsx = scripts\Expecto.fsx
	EndProjectSection
EndProject
Project("{F2A71F9B-5D33-465A-A702-920D77279786}") = "Informedica.GenCore.Tests", "tests\Informedica.GenCore.Tests\Informedica.GenCore.Tests.fsproj", "{232480D6-B277-4269-852A-DDF7C30FACFE}"
EndProject
Project("{F2A71F9B-5D33-465A-A702-920D77279786}") = "Informedica.ZIndex.Tests", "tests\Informedica.ZIndex.Tests\Informedica.ZIndex.Tests.fsproj", "{93205F78-07F3-424C-9F7C-6FD312D5B9FD}"
EndProject
Global
	GlobalSection(SolutionConfigurationPlatforms) = preSolution
		Debug|Any CPU = Debug|Any CPU
		Debug|x64 = Debug|x64
		Debug|x86 = Debug|x86
		Release|Any CPU = Release|Any CPU
		Release|x64 = Release|x64
		Release|x86 = Release|x86
	EndGlobalSection
	GlobalSection(ProjectConfigurationPlatforms) = postSolution
		{6278417B-89C0-4252-B536-D46D82F4D070}.Debug|Any CPU.ActiveCfg = Debug|Any CPU
		{6278417B-89C0-4252-B536-D46D82F4D070}.Debug|Any CPU.Build.0 = Debug|Any CPU
		{6278417B-89C0-4252-B536-D46D82F4D070}.Debug|x64.ActiveCfg = Debug|Any CPU
		{6278417B-89C0-4252-B536-D46D82F4D070}.Debug|x64.Build.0 = Debug|Any CPU
		{6278417B-89C0-4252-B536-D46D82F4D070}.Debug|x86.ActiveCfg = Debug|Any CPU
		{6278417B-89C0-4252-B536-D46D82F4D070}.Debug|x86.Build.0 = Debug|Any CPU
		{6278417B-89C0-4252-B536-D46D82F4D070}.Release|Any CPU.ActiveCfg = Release|Any CPU
		{6278417B-89C0-4252-B536-D46D82F4D070}.Release|Any CPU.Build.0 = Release|Any CPU
		{6278417B-89C0-4252-B536-D46D82F4D070}.Release|x64.ActiveCfg = Release|Any CPU
		{6278417B-89C0-4252-B536-D46D82F4D070}.Release|x64.Build.0 = Release|Any CPU
		{6278417B-89C0-4252-B536-D46D82F4D070}.Release|x86.ActiveCfg = Release|Any CPU
		{6278417B-89C0-4252-B536-D46D82F4D070}.Release|x86.Build.0 = Release|Any CPU
		{49EF879F-1C4C-4F25-9BBC-D8ED294945CB}.Debug|Any CPU.ActiveCfg = Debug|Any CPU
		{49EF879F-1C4C-4F25-9BBC-D8ED294945CB}.Debug|Any CPU.Build.0 = Debug|Any CPU
		{49EF879F-1C4C-4F25-9BBC-D8ED294945CB}.Debug|x64.ActiveCfg = Debug|Any CPU
		{49EF879F-1C4C-4F25-9BBC-D8ED294945CB}.Debug|x64.Build.0 = Debug|Any CPU
		{49EF879F-1C4C-4F25-9BBC-D8ED294945CB}.Debug|x86.ActiveCfg = Debug|Any CPU
		{49EF879F-1C4C-4F25-9BBC-D8ED294945CB}.Debug|x86.Build.0 = Debug|Any CPU
		{49EF879F-1C4C-4F25-9BBC-D8ED294945CB}.Release|Any CPU.ActiveCfg = Release|Any CPU
		{49EF879F-1C4C-4F25-9BBC-D8ED294945CB}.Release|Any CPU.Build.0 = Release|Any CPU
		{49EF879F-1C4C-4F25-9BBC-D8ED294945CB}.Release|x64.ActiveCfg = Release|Any CPU
		{49EF879F-1C4C-4F25-9BBC-D8ED294945CB}.Release|x64.Build.0 = Release|Any CPU
		{49EF879F-1C4C-4F25-9BBC-D8ED294945CB}.Release|x86.ActiveCfg = Release|Any CPU
		{49EF879F-1C4C-4F25-9BBC-D8ED294945CB}.Release|x86.Build.0 = Release|Any CPU
		{B784438C-48A2-4970-B150-098C24DFA22D}.Debug|Any CPU.ActiveCfg = Debug|Any CPU
		{B784438C-48A2-4970-B150-098C24DFA22D}.Debug|Any CPU.Build.0 = Debug|Any CPU
		{B784438C-48A2-4970-B150-098C24DFA22D}.Debug|x64.ActiveCfg = Debug|Any CPU
		{B784438C-48A2-4970-B150-098C24DFA22D}.Debug|x64.Build.0 = Debug|Any CPU
		{B784438C-48A2-4970-B150-098C24DFA22D}.Debug|x86.ActiveCfg = Debug|Any CPU
		{B784438C-48A2-4970-B150-098C24DFA22D}.Debug|x86.Build.0 = Debug|Any CPU
		{B784438C-48A2-4970-B150-098C24DFA22D}.Release|Any CPU.ActiveCfg = Release|Any CPU
		{B784438C-48A2-4970-B150-098C24DFA22D}.Release|Any CPU.Build.0 = Release|Any CPU
		{B784438C-48A2-4970-B150-098C24DFA22D}.Release|x64.ActiveCfg = Release|Any CPU
		{B784438C-48A2-4970-B150-098C24DFA22D}.Release|x64.Build.0 = Release|Any CPU
		{B784438C-48A2-4970-B150-098C24DFA22D}.Release|x86.ActiveCfg = Release|Any CPU
		{B784438C-48A2-4970-B150-098C24DFA22D}.Release|x86.Build.0 = Release|Any CPU
		{F46B7490-A443-4FD9-BE07-3A733EFA91DF}.Debug|Any CPU.ActiveCfg = Debug|Any CPU
		{F46B7490-A443-4FD9-BE07-3A733EFA91DF}.Debug|Any CPU.Build.0 = Debug|Any CPU
		{F46B7490-A443-4FD9-BE07-3A733EFA91DF}.Debug|x64.ActiveCfg = Debug|Any CPU
		{F46B7490-A443-4FD9-BE07-3A733EFA91DF}.Debug|x64.Build.0 = Debug|Any CPU
		{F46B7490-A443-4FD9-BE07-3A733EFA91DF}.Debug|x86.ActiveCfg = Debug|Any CPU
		{F46B7490-A443-4FD9-BE07-3A733EFA91DF}.Debug|x86.Build.0 = Debug|Any CPU
		{F46B7490-A443-4FD9-BE07-3A733EFA91DF}.Release|Any CPU.ActiveCfg = Release|Any CPU
		{F46B7490-A443-4FD9-BE07-3A733EFA91DF}.Release|Any CPU.Build.0 = Release|Any CPU
		{F46B7490-A443-4FD9-BE07-3A733EFA91DF}.Release|x64.ActiveCfg = Release|Any CPU
		{F46B7490-A443-4FD9-BE07-3A733EFA91DF}.Release|x64.Build.0 = Release|Any CPU
		{F46B7490-A443-4FD9-BE07-3A733EFA91DF}.Release|x86.ActiveCfg = Release|Any CPU
		{F46B7490-A443-4FD9-BE07-3A733EFA91DF}.Release|x86.Build.0 = Release|Any CPU
		{17723C04-882C-4561-8D7B-98EAB82A2DEB}.Debug|Any CPU.ActiveCfg = Debug|Any CPU
		{17723C04-882C-4561-8D7B-98EAB82A2DEB}.Debug|Any CPU.Build.0 = Debug|Any CPU
		{17723C04-882C-4561-8D7B-98EAB82A2DEB}.Debug|x64.ActiveCfg = Debug|Any CPU
		{17723C04-882C-4561-8D7B-98EAB82A2DEB}.Debug|x64.Build.0 = Debug|Any CPU
		{17723C04-882C-4561-8D7B-98EAB82A2DEB}.Debug|x86.ActiveCfg = Debug|Any CPU
		{17723C04-882C-4561-8D7B-98EAB82A2DEB}.Debug|x86.Build.0 = Debug|Any CPU
		{17723C04-882C-4561-8D7B-98EAB82A2DEB}.Release|Any CPU.ActiveCfg = Release|Any CPU
		{17723C04-882C-4561-8D7B-98EAB82A2DEB}.Release|Any CPU.Build.0 = Release|Any CPU
		{17723C04-882C-4561-8D7B-98EAB82A2DEB}.Release|x64.ActiveCfg = Release|Any CPU
		{17723C04-882C-4561-8D7B-98EAB82A2DEB}.Release|x64.Build.0 = Release|Any CPU
		{17723C04-882C-4561-8D7B-98EAB82A2DEB}.Release|x86.ActiveCfg = Release|Any CPU
		{17723C04-882C-4561-8D7B-98EAB82A2DEB}.Release|x86.Build.0 = Release|Any CPU
		{5DB7B30E-8769-4F75-BF1A-500EE9DC6762}.Debug|Any CPU.ActiveCfg = Debug|Any CPU
		{5DB7B30E-8769-4F75-BF1A-500EE9DC6762}.Debug|Any CPU.Build.0 = Debug|Any CPU
		{5DB7B30E-8769-4F75-BF1A-500EE9DC6762}.Debug|x64.ActiveCfg = Debug|Any CPU
		{5DB7B30E-8769-4F75-BF1A-500EE9DC6762}.Debug|x64.Build.0 = Debug|Any CPU
		{5DB7B30E-8769-4F75-BF1A-500EE9DC6762}.Debug|x86.ActiveCfg = Debug|Any CPU
		{5DB7B30E-8769-4F75-BF1A-500EE9DC6762}.Debug|x86.Build.0 = Debug|Any CPU
		{5DB7B30E-8769-4F75-BF1A-500EE9DC6762}.Release|Any CPU.ActiveCfg = Release|Any CPU
		{5DB7B30E-8769-4F75-BF1A-500EE9DC6762}.Release|Any CPU.Build.0 = Release|Any CPU
		{5DB7B30E-8769-4F75-BF1A-500EE9DC6762}.Release|x64.ActiveCfg = Release|Any CPU
		{5DB7B30E-8769-4F75-BF1A-500EE9DC6762}.Release|x64.Build.0 = Release|Any CPU
		{5DB7B30E-8769-4F75-BF1A-500EE9DC6762}.Release|x86.ActiveCfg = Release|Any CPU
		{5DB7B30E-8769-4F75-BF1A-500EE9DC6762}.Release|x86.Build.0 = Release|Any CPU
		{13318F4E-3F64-48C4-B475-BBBD187D0C9E}.Debug|Any CPU.ActiveCfg = Debug|Any CPU
		{13318F4E-3F64-48C4-B475-BBBD187D0C9E}.Debug|Any CPU.Build.0 = Debug|Any CPU
		{13318F4E-3F64-48C4-B475-BBBD187D0C9E}.Debug|x64.ActiveCfg = Debug|Any CPU
		{13318F4E-3F64-48C4-B475-BBBD187D0C9E}.Debug|x64.Build.0 = Debug|Any CPU
		{13318F4E-3F64-48C4-B475-BBBD187D0C9E}.Debug|x86.ActiveCfg = Debug|Any CPU
		{13318F4E-3F64-48C4-B475-BBBD187D0C9E}.Debug|x86.Build.0 = Debug|Any CPU
		{13318F4E-3F64-48C4-B475-BBBD187D0C9E}.Release|Any CPU.ActiveCfg = Release|Any CPU
		{13318F4E-3F64-48C4-B475-BBBD187D0C9E}.Release|Any CPU.Build.0 = Release|Any CPU
		{13318F4E-3F64-48C4-B475-BBBD187D0C9E}.Release|x64.ActiveCfg = Release|Any CPU
		{13318F4E-3F64-48C4-B475-BBBD187D0C9E}.Release|x64.Build.0 = Release|Any CPU
		{13318F4E-3F64-48C4-B475-BBBD187D0C9E}.Release|x86.ActiveCfg = Release|Any CPU
		{13318F4E-3F64-48C4-B475-BBBD187D0C9E}.Release|x86.Build.0 = Release|Any CPU
		{6B53BD72-7C68-4B3D-8475-07D936753B8B}.Debug|Any CPU.ActiveCfg = Debug|Any CPU
		{6B53BD72-7C68-4B3D-8475-07D936753B8B}.Debug|Any CPU.Build.0 = Debug|Any CPU
		{6B53BD72-7C68-4B3D-8475-07D936753B8B}.Debug|x64.ActiveCfg = Debug|Any CPU
		{6B53BD72-7C68-4B3D-8475-07D936753B8B}.Debug|x64.Build.0 = Debug|Any CPU
		{6B53BD72-7C68-4B3D-8475-07D936753B8B}.Debug|x86.ActiveCfg = Debug|Any CPU
		{6B53BD72-7C68-4B3D-8475-07D936753B8B}.Debug|x86.Build.0 = Debug|Any CPU
		{6B53BD72-7C68-4B3D-8475-07D936753B8B}.Release|Any CPU.ActiveCfg = Release|Any CPU
		{6B53BD72-7C68-4B3D-8475-07D936753B8B}.Release|Any CPU.Build.0 = Release|Any CPU
		{6B53BD72-7C68-4B3D-8475-07D936753B8B}.Release|x64.ActiveCfg = Release|Any CPU
		{6B53BD72-7C68-4B3D-8475-07D936753B8B}.Release|x64.Build.0 = Release|Any CPU
		{6B53BD72-7C68-4B3D-8475-07D936753B8B}.Release|x86.ActiveCfg = Release|Any CPU
		{6B53BD72-7C68-4B3D-8475-07D936753B8B}.Release|x86.Build.0 = Release|Any CPU
		{4AA7B16F-754B-48C1-ABA8-09197F074816}.Debug|Any CPU.ActiveCfg = Debug|Any CPU
		{4AA7B16F-754B-48C1-ABA8-09197F074816}.Debug|Any CPU.Build.0 = Debug|Any CPU
		{4AA7B16F-754B-48C1-ABA8-09197F074816}.Debug|x64.ActiveCfg = Debug|Any CPU
		{4AA7B16F-754B-48C1-ABA8-09197F074816}.Debug|x64.Build.0 = Debug|Any CPU
		{4AA7B16F-754B-48C1-ABA8-09197F074816}.Debug|x86.ActiveCfg = Debug|Any CPU
		{4AA7B16F-754B-48C1-ABA8-09197F074816}.Debug|x86.Build.0 = Debug|Any CPU
		{4AA7B16F-754B-48C1-ABA8-09197F074816}.Release|Any CPU.ActiveCfg = Release|Any CPU
		{4AA7B16F-754B-48C1-ABA8-09197F074816}.Release|Any CPU.Build.0 = Release|Any CPU
		{4AA7B16F-754B-48C1-ABA8-09197F074816}.Release|x64.ActiveCfg = Release|Any CPU
		{4AA7B16F-754B-48C1-ABA8-09197F074816}.Release|x64.Build.0 = Release|Any CPU
		{4AA7B16F-754B-48C1-ABA8-09197F074816}.Release|x86.ActiveCfg = Release|Any CPU
		{4AA7B16F-754B-48C1-ABA8-09197F074816}.Release|x86.Build.0 = Release|Any CPU
		{359FC9AD-ECB5-4000-8BD5-60674FFB90AB}.Debug|Any CPU.ActiveCfg = Debug|Any CPU
		{359FC9AD-ECB5-4000-8BD5-60674FFB90AB}.Debug|Any CPU.Build.0 = Debug|Any CPU
		{359FC9AD-ECB5-4000-8BD5-60674FFB90AB}.Debug|x64.ActiveCfg = Debug|Any CPU
		{359FC9AD-ECB5-4000-8BD5-60674FFB90AB}.Debug|x64.Build.0 = Debug|Any CPU
		{359FC9AD-ECB5-4000-8BD5-60674FFB90AB}.Debug|x86.ActiveCfg = Debug|Any CPU
		{359FC9AD-ECB5-4000-8BD5-60674FFB90AB}.Debug|x86.Build.0 = Debug|Any CPU
		{359FC9AD-ECB5-4000-8BD5-60674FFB90AB}.Release|Any CPU.ActiveCfg = Release|Any CPU
		{359FC9AD-ECB5-4000-8BD5-60674FFB90AB}.Release|Any CPU.Build.0 = Release|Any CPU
		{359FC9AD-ECB5-4000-8BD5-60674FFB90AB}.Release|x64.ActiveCfg = Release|Any CPU
		{359FC9AD-ECB5-4000-8BD5-60674FFB90AB}.Release|x64.Build.0 = Release|Any CPU
		{359FC9AD-ECB5-4000-8BD5-60674FFB90AB}.Release|x86.ActiveCfg = Release|Any CPU
		{359FC9AD-ECB5-4000-8BD5-60674FFB90AB}.Release|x86.Build.0 = Release|Any CPU
		{D74FA349-92CA-4ACE-9FE2-37CDF01E76BA}.Debug|Any CPU.ActiveCfg = Debug|Any CPU
		{D74FA349-92CA-4ACE-9FE2-37CDF01E76BA}.Debug|Any CPU.Build.0 = Debug|Any CPU
		{D74FA349-92CA-4ACE-9FE2-37CDF01E76BA}.Debug|x64.ActiveCfg = Debug|Any CPU
		{D74FA349-92CA-4ACE-9FE2-37CDF01E76BA}.Debug|x64.Build.0 = Debug|Any CPU
		{D74FA349-92CA-4ACE-9FE2-37CDF01E76BA}.Debug|x86.ActiveCfg = Debug|Any CPU
		{D74FA349-92CA-4ACE-9FE2-37CDF01E76BA}.Debug|x86.Build.0 = Debug|Any CPU
		{D74FA349-92CA-4ACE-9FE2-37CDF01E76BA}.Release|Any CPU.ActiveCfg = Release|Any CPU
		{D74FA349-92CA-4ACE-9FE2-37CDF01E76BA}.Release|Any CPU.Build.0 = Release|Any CPU
		{D74FA349-92CA-4ACE-9FE2-37CDF01E76BA}.Release|x64.ActiveCfg = Release|Any CPU
		{D74FA349-92CA-4ACE-9FE2-37CDF01E76BA}.Release|x64.Build.0 = Release|Any CPU
		{D74FA349-92CA-4ACE-9FE2-37CDF01E76BA}.Release|x86.ActiveCfg = Release|Any CPU
		{D74FA349-92CA-4ACE-9FE2-37CDF01E76BA}.Release|x86.Build.0 = Release|Any CPU
		{C458DAA2-A10A-46CB-8B9D-7F9B9BC0739C}.Debug|Any CPU.ActiveCfg = Debug|Any CPU
		{C458DAA2-A10A-46CB-8B9D-7F9B9BC0739C}.Debug|Any CPU.Build.0 = Debug|Any CPU
		{C458DAA2-A10A-46CB-8B9D-7F9B9BC0739C}.Debug|x64.ActiveCfg = Debug|Any CPU
		{C458DAA2-A10A-46CB-8B9D-7F9B9BC0739C}.Debug|x64.Build.0 = Debug|Any CPU
		{C458DAA2-A10A-46CB-8B9D-7F9B9BC0739C}.Debug|x86.ActiveCfg = Debug|Any CPU
		{C458DAA2-A10A-46CB-8B9D-7F9B9BC0739C}.Debug|x86.Build.0 = Debug|Any CPU
		{C458DAA2-A10A-46CB-8B9D-7F9B9BC0739C}.Release|Any CPU.ActiveCfg = Release|Any CPU
		{C458DAA2-A10A-46CB-8B9D-7F9B9BC0739C}.Release|Any CPU.Build.0 = Release|Any CPU
		{C458DAA2-A10A-46CB-8B9D-7F9B9BC0739C}.Release|x64.ActiveCfg = Release|Any CPU
		{C458DAA2-A10A-46CB-8B9D-7F9B9BC0739C}.Release|x64.Build.0 = Release|Any CPU
		{C458DAA2-A10A-46CB-8B9D-7F9B9BC0739C}.Release|x86.ActiveCfg = Release|Any CPU
		{C458DAA2-A10A-46CB-8B9D-7F9B9BC0739C}.Release|x86.Build.0 = Release|Any CPU
		{71C3C4F6-26C2-46DD-B047-54D6B1FB8FB3}.Debug|Any CPU.ActiveCfg = Debug|Any CPU
		{71C3C4F6-26C2-46DD-B047-54D6B1FB8FB3}.Debug|Any CPU.Build.0 = Debug|Any CPU
		{71C3C4F6-26C2-46DD-B047-54D6B1FB8FB3}.Debug|x64.ActiveCfg = Debug|Any CPU
		{71C3C4F6-26C2-46DD-B047-54D6B1FB8FB3}.Debug|x64.Build.0 = Debug|Any CPU
		{71C3C4F6-26C2-46DD-B047-54D6B1FB8FB3}.Debug|x86.ActiveCfg = Debug|Any CPU
		{71C3C4F6-26C2-46DD-B047-54D6B1FB8FB3}.Debug|x86.Build.0 = Debug|Any CPU
		{71C3C4F6-26C2-46DD-B047-54D6B1FB8FB3}.Release|Any CPU.ActiveCfg = Release|Any CPU
		{71C3C4F6-26C2-46DD-B047-54D6B1FB8FB3}.Release|Any CPU.Build.0 = Release|Any CPU
		{71C3C4F6-26C2-46DD-B047-54D6B1FB8FB3}.Release|x64.ActiveCfg = Release|Any CPU
		{71C3C4F6-26C2-46DD-B047-54D6B1FB8FB3}.Release|x64.Build.0 = Release|Any CPU
		{71C3C4F6-26C2-46DD-B047-54D6B1FB8FB3}.Release|x86.ActiveCfg = Release|Any CPU
		{71C3C4F6-26C2-46DD-B047-54D6B1FB8FB3}.Release|x86.Build.0 = Release|Any CPU
		{232480D6-B277-4269-852A-DDF7C30FACFE}.Debug|Any CPU.ActiveCfg = Debug|Any CPU
		{232480D6-B277-4269-852A-DDF7C30FACFE}.Debug|Any CPU.Build.0 = Debug|Any CPU
		{232480D6-B277-4269-852A-DDF7C30FACFE}.Debug|x64.ActiveCfg = Debug|Any CPU
		{232480D6-B277-4269-852A-DDF7C30FACFE}.Debug|x64.Build.0 = Debug|Any CPU
		{232480D6-B277-4269-852A-DDF7C30FACFE}.Debug|x86.ActiveCfg = Debug|Any CPU
		{232480D6-B277-4269-852A-DDF7C30FACFE}.Debug|x86.Build.0 = Debug|Any CPU
		{232480D6-B277-4269-852A-DDF7C30FACFE}.Release|Any CPU.ActiveCfg = Release|Any CPU
		{232480D6-B277-4269-852A-DDF7C30FACFE}.Release|Any CPU.Build.0 = Release|Any CPU
		{232480D6-B277-4269-852A-DDF7C30FACFE}.Release|x64.ActiveCfg = Release|Any CPU
		{232480D6-B277-4269-852A-DDF7C30FACFE}.Release|x64.Build.0 = Release|Any CPU
		{232480D6-B277-4269-852A-DDF7C30FACFE}.Release|x86.ActiveCfg = Release|Any CPU
		{232480D6-B277-4269-852A-DDF7C30FACFE}.Release|x86.Build.0 = Release|Any CPU
		{93205F78-07F3-424C-9F7C-6FD312D5B9FD}.Debug|Any CPU.ActiveCfg = Debug|Any CPU
		{93205F78-07F3-424C-9F7C-6FD312D5B9FD}.Debug|Any CPU.Build.0 = Debug|Any CPU
		{93205F78-07F3-424C-9F7C-6FD312D5B9FD}.Debug|x64.ActiveCfg = Debug|Any CPU
		{93205F78-07F3-424C-9F7C-6FD312D5B9FD}.Debug|x64.Build.0 = Debug|Any CPU
		{93205F78-07F3-424C-9F7C-6FD312D5B9FD}.Debug|x86.ActiveCfg = Debug|Any CPU
		{93205F78-07F3-424C-9F7C-6FD312D5B9FD}.Debug|x86.Build.0 = Debug|Any CPU
		{93205F78-07F3-424C-9F7C-6FD312D5B9FD}.Release|Any CPU.ActiveCfg = Release|Any CPU
		{93205F78-07F3-424C-9F7C-6FD312D5B9FD}.Release|Any CPU.Build.0 = Release|Any CPU
		{93205F78-07F3-424C-9F7C-6FD312D5B9FD}.Release|x64.ActiveCfg = Release|Any CPU
		{93205F78-07F3-424C-9F7C-6FD312D5B9FD}.Release|x64.Build.0 = Release|Any CPU
		{93205F78-07F3-424C-9F7C-6FD312D5B9FD}.Release|x86.ActiveCfg = Release|Any CPU
		{93205F78-07F3-424C-9F7C-6FD312D5B9FD}.Release|x86.Build.0 = Release|Any CPU
	EndGlobalSection
	GlobalSection(SolutionProperties) = preSolution
		HideSolutionNode = FALSE
	EndGlobalSection
	GlobalSection(NestedProjects) = preSolution
		{6278417B-89C0-4252-B536-D46D82F4D070} = {68F855CF-C77A-43C2-AA24-DCDB4FF396D4}
		{49EF879F-1C4C-4F25-9BBC-D8ED294945CB} = {68F855CF-C77A-43C2-AA24-DCDB4FF396D4}
		{B784438C-48A2-4970-B150-098C24DFA22D} = {68F855CF-C77A-43C2-AA24-DCDB4FF396D4}
		{F46B7490-A443-4FD9-BE07-3A733EFA91DF} = {68F855CF-C77A-43C2-AA24-DCDB4FF396D4}
		{17723C04-882C-4561-8D7B-98EAB82A2DEB} = {0E8C5A97-90C0-42D6-9910-A34D345A7580}
		{5DB7B30E-8769-4F75-BF1A-500EE9DC6762} = {0E8C5A97-90C0-42D6-9910-A34D345A7580}
		{13318F4E-3F64-48C4-B475-BBBD187D0C9E} = {0E8C5A97-90C0-42D6-9910-A34D345A7580}
		{6B53BD72-7C68-4B3D-8475-07D936753B8B} = {0E8C5A97-90C0-42D6-9910-A34D345A7580}
		{4AA7B16F-754B-48C1-ABA8-09197F074816} = {68F855CF-C77A-43C2-AA24-DCDB4FF396D4}
		{359FC9AD-ECB5-4000-8BD5-60674FFB90AB} = {68F855CF-C77A-43C2-AA24-DCDB4FF396D4}
		{D74FA349-92CA-4ACE-9FE2-37CDF01E76BA} = {68F855CF-C77A-43C2-AA24-DCDB4FF396D4}
		{C458DAA2-A10A-46CB-8B9D-7F9B9BC0739C} = {68F855CF-C77A-43C2-AA24-DCDB4FF396D4}
		{71C3C4F6-26C2-46DD-B047-54D6B1FB8FB3} = {68F855CF-C77A-43C2-AA24-DCDB4FF396D4}
		{232480D6-B277-4269-852A-DDF7C30FACFE} = {0E8C5A97-90C0-42D6-9910-A34D345A7580}
		{93205F78-07F3-424C-9F7C-6FD312D5B9FD} = {0E8C5A97-90C0-42D6-9910-A34D345A7580}
	EndGlobalSection
	GlobalSection(ExtensibilityGlobals) = postSolution
		SolutionGuid = {B7274DC0-FA21-423C-9F23-874D230DCA70}
	EndGlobalSection
EndGlobal
